
Microsoft Visual Studio Solution File, Format Version 12.00
# Visual Studio 14
VisualStudioVersion = 14.0.25420.1
MinimumVisualStudioVersion = 10.0.40219.1
Project("{FAE04EC0-301F-11D3-BF4B-00C04F79EFBC}") = "CRUDingAConsole", "CRUDingAConsole\CRUDingAConsole.csproj", "{911665AE-2A7D-4245-96FD-186FFA189A4E}"
EndProject
Project("{FAE04EC0-301F-11D3-BF4B-00C04F79EFBC}") = "CRUDingAConsoleTest", "CRUDingAConsoleTest\CRUDingAConsoleTest.csproj", "{99789D07-50C0-4377-B5B1-E683E0E9673F}"
EndProject
Global
	GlobalSection(SolutionConfigurationPlatforms) = preSolution
		Debug|Any CPU = Debug|Any CPU
		Release|Any CPU = Release|Any CPU
	EndGlobalSection
	GlobalSection(ProjectConfigurationPlatforms) = postSolution
		{911665AE-2A7D-4245-96FD-186FFA189A4E}.Debug|Any CPU.ActiveCfg = Debug|Any CPU
		{911665AE-2A7D-4245-96FD-186FFA189A4E}.Debug|Any CPU.Build.0 = Debug|Any CPU
		{911665AE-2A7D-4245-96FD-186FFA189A4E}.Release|Any CPU.ActiveCfg = Release|Any CPU
		{911665AE-2A7D-4245-96FD-186FFA189A4E}.Release|Any CPU.Build.0 = Release|Any CPU
		{99789D07-50C0-4377-B5B1-E683E0E9673F}.Debug|Any CPU.ActiveCfg = Debug|Any CPU
		{99789D07-50C0-4377-B5B1-E683E0E9673F}.Debug|Any CPU.Build.0 = Debug|Any CPU
		{99789D07-50C0-4377-B5B1-E683E0E9673F}.Release|Any CPU.ActiveCfg = Release|Any CPU
		{99789D07-50C0-4377-B5B1-E683E0E9673F}.Release|Any CPU.Build.0 = Release|Any CPU
	EndGlobalSection
	GlobalSection(SolutionProperties) = preSolution
		HideSolutionNode = FALSE
	EndGlobalSection
EndGlobal
